
Microsoft Visual Studio Solution File, Format Version 12.00
# Visual Studio Version 17
VisualStudioVersion = 17.2.32630.192
MinimumVisualStudioVersion = 10.0.40219.1
Project("{FAE04EC0-301F-11D3-BF4B-00C04F79EFBC}") = "NLayer.Core", "NLayer.Core\NLayer.Core.csproj", "{5A770994-F26E-407D-98E3-33E744302C3E}"
EndProject
Project("{FAE04EC0-301F-11D3-BF4B-00C04F79EFBC}") = "NLayer.Repository", "NLayer.Repository\NLayer.Repository.csproj", "{5DB39577-79EF-42ED-9754-3D64678F05F0}"
EndProject
Project("{FAE04EC0-301F-11D3-BF4B-00C04F79EFBC}") = "NLayer.Service", "NLayer.Service\NLayer.Service.csproj", "{3AD4B73E-0699-4AB6-9DEF-EAE334124A6A}"
EndProject
Project("{FAE04EC0-301F-11D3-BF4B-00C04F79EFBC}") = "NLayer.API", "NLayer.API\NLayer.API.csproj", "{4F6C1C24-8803-4C4A-9C94-487CEF943B2A}"
EndProject
Project("{FAE04EC0-301F-11D3-BF4B-00C04F79EFBC}") = "NLayer.Web", "NLayer.Web\NLayer.Web.csproj", "{79309240-641E-4965-A241-455EB3BB2C34}"
EndProject
Project("{FAE04EC0-301F-11D3-BF4B-00C04F79EFBC}") = "NLayer.Caching", "NLayer.Caching\NLayer.Caching.csproj", "{4D3AAD48-EA0B-4935-9AA9-008C396F986F}"
EndProject
Global
	GlobalSection(SolutionConfigurationPlatforms) = preSolution
		Debug|Any CPU = Debug|Any CPU
		Release|Any CPU = Release|Any CPU
	EndGlobalSection
	GlobalSection(ProjectConfigurationPlatforms) = postSolution
		{5A770994-F26E-407D-98E3-33E744302C3E}.Debug|Any CPU.ActiveCfg = Debug|Any CPU
		{5A770994-F26E-407D-98E3-33E744302C3E}.Debug|Any CPU.Build.0 = Debug|Any CPU
		{5A770994-F26E-407D-98E3-33E744302C3E}.Release|Any CPU.ActiveCfg = Release|Any CPU
		{5A770994-F26E-407D-98E3-33E744302C3E}.Release|Any CPU.Build.0 = Release|Any CPU
		{5DB39577-79EF-42ED-9754-3D64678F05F0}.Debug|Any CPU.ActiveCfg = Debug|Any CPU
		{5DB39577-79EF-42ED-9754-3D64678F05F0}.Debug|Any CPU.Build.0 = Debug|Any CPU
		{5DB39577-79EF-42ED-9754-3D64678F05F0}.Release|Any CPU.ActiveCfg = Release|Any CPU
		{5DB39577-79EF-42ED-9754-3D64678F05F0}.Release|Any CPU.Build.0 = Release|Any CPU
		{3AD4B73E-0699-4AB6-9DEF-EAE334124A6A}.Debug|Any CPU.ActiveCfg = Debug|Any CPU
		{3AD4B73E-0699-4AB6-9DEF-EAE334124A6A}.Debug|Any CPU.Build.0 = Debug|Any CPU
		{3AD4B73E-0699-4AB6-9DEF-EAE334124A6A}.Release|Any CPU.ActiveCfg = Release|Any CPU
		{3AD4B73E-0699-4AB6-9DEF-EAE334124A6A}.Release|Any CPU.Build.0 = Release|Any CPU
		{4F6C1C24-8803-4C4A-9C94-487CEF943B2A}.Debug|Any CPU.ActiveCfg = Debug|Any CPU
		{4F6C1C24-8803-4C4A-9C94-487CEF943B2A}.Debug|Any CPU.Build.0 = Debug|Any CPU
		{4F6C1C24-8803-4C4A-9C94-487CEF943B2A}.Release|Any CPU.ActiveCfg = Release|Any CPU
		{4F6C1C24-8803-4C4A-9C94-487CEF943B2A}.Release|Any CPU.Build.0 = Release|Any CPU
		{79309240-641E-4965-A241-455EB3BB2C34}.Debug|Any CPU.ActiveCfg = Debug|Any CPU
		{79309240-641E-4965-A241-455EB3BB2C34}.Debug|Any CPU.Build.0 = Debug|Any CPU
		{79309240-641E-4965-A241-455EB3BB2C34}.Release|Any CPU.ActiveCfg = Release|Any CPU
		{79309240-641E-4965-A241-455EB3BB2C34}.Release|Any CPU.Build.0 = Release|Any CPU
		{4D3AAD48-EA0B-4935-9AA9-008C396F986F}.Debug|Any CPU.ActiveCfg = Debug|Any CPU
		{4D3AAD48-EA0B-4935-9AA9-008C396F986F}.Debug|Any CPU.Build.0 = Debug|Any CPU
		{4D3AAD48-EA0B-4935-9AA9-008C396F986F}.Release|Any CPU.ActiveCfg = Release|Any CPU
		{4D3AAD48-EA0B-4935-9AA9-008C396F986F}.Release|Any CPU.Build.0 = Release|Any CPU
	EndGlobalSection
	GlobalSection(SolutionProperties) = preSolution
		HideSolutionNode = FALSE
	EndGlobalSection
	GlobalSection(ExtensibilityGlobals) = postSolution
		SolutionGuid = {A5677B15-F532-4454-96D1-C310E8904EFF}
	EndGlobalSection
EndGlobal
